// !$*UTF8*$!
{
	archiveVersion = 1;
	classes = {
	};
	objectVersion = 46;
	objects = {

/* Begin PBXBuildFile section */
		1CF51EC41D101CBA00E4FF65 /* AppDelegate.swift in Sources */ = {isa = PBXBuildFile; fileRef = 1CF51EC31D101CBA00E4FF65 /* AppDelegate.swift */; };
		1CF51EC61D101CBA00E4FF65 /* ViewController.swift in Sources */ = {isa = PBXBuildFile; fileRef = 1CF51EC51D101CBA00E4FF65 /* ViewController.swift */; };
		1CF51EC91D101CBB00E4FF65 /* Main.storyboard in Resources */ = {isa = PBXBuildFile; fileRef = 1CF51EC71D101CBB00E4FF65 /* Main.storyboard */; };
		1CF51ECB1D101CBB00E4FF65 /* Assets.xcassets in Resources */ = {isa = PBXBuildFile; fileRef = 1CF51ECA1D101CBB00E4FF65 /* Assets.xcassets */; };
		1CF51ECE1D101CBB00E4FF65 /* LaunchScreen.storyboard in Resources */ = {isa = PBXBuildFile; fileRef = 1CF51ECC1D101CBB00E4FF65 /* LaunchScreen.storyboard */; };
		1CF51ED91D101CBB00E4FF65 /* RuntimeTests.swift in Sources */ = {isa = PBXBuildFile; fileRef = 1CF51ED81D101CBB00E4FF65 /* RuntimeTests.swift */; };
		1CF51EE41D101CED00E4FF65 /* UIButton+Helper.swift in Sources */ = {isa = PBXBuildFile; fileRef = 1CF51EE31D101CED00E4FF65 /* UIButton+Helper.swift */; };
/* End PBXBuildFile section */

/* Begin PBXContainerItemProxy section */
		1CF51ED51D101CBB00E4FF65 /* PBXContainerItemProxy */ = {
			isa = PBXContainerItemProxy;
			containerPortal = 1CF51EB81D101CBA00E4FF65 /* Project object */;
			proxyType = 1;
			remoteGlobalIDString = 1CF51EBF1D101CBA00E4FF65;
			remoteInfo = Runtime;
		};
/* End PBXContainerItemProxy section */

/* Begin PBXFileReference section */
		1CF51EC01D101CBA00E4FF65 /* Runtime.app */ = {isa = PBXFileReference; explicitFileType = wrapper.application; includeInIndex = 0; path = Runtime.app; sourceTree = BUILT_PRODUCTS_DIR; };
		1CF51EC31D101CBA00E4FF65 /* AppDelegate.swift */ = {isa = PBXFileReference; lastKnownFileType = sourcecode.swift; path = AppDelegate.swift; sourceTree = "<group>"; };
		1CF51EC51D101CBA00E4FF65 /* ViewController.swift */ = {isa = PBXFileReference; lastKnownFileType = sourcecode.swift; path = ViewController.swift; sourceTree = "<group>"; };
		1CF51EC81D101CBB00E4FF65 /* Base */ = {isa = PBXFileReference; lastKnownFileType = file.storyboard; name = Base; path = Base.lproj/Main.storyboard; sourceTree = "<group>"; };
		1CF51ECA1D101CBB00E4FF65 /* Assets.xcassets */ = {isa = PBXFileReference; lastKnownFileType = folder.assetcatalog; path = Assets.xcassets; sourceTree = "<group>"; };
		1CF51ECD1D101CBB00E4FF65 /* Base */ = {isa = PBXFileReference; lastKnownFileType = file.storyboard; name = Base; path = Base.lproj/LaunchScreen.storyboard; sourceTree = "<group>"; };
		1CF51ECF1D101CBB00E4FF65 /* Info.plist */ = {isa = PBXFileReference; lastKnownFileType = text.plist.xml; path = Info.plist; sourceTree = "<group>"; };
		1CF51ED41D101CBB00E4FF65 /* RuntimeTests.xctest */ = {isa = PBXFileReference; explicitFileType = wrapper.cfbundle; includeInIndex = 0; path = RuntimeTests.xctest; sourceTree = BUILT_PRODUCTS_DIR; };
		1CF51ED81D101CBB00E4FF65 /* RuntimeTests.swift */ = {isa = PBXFileReference; lastKnownFileType = sourcecode.swift; path = RuntimeTests.swift; sourceTree = "<group>"; };
		1CF51EDA1D101CBB00E4FF65 /* Info.plist */ = {isa = PBXFileReference; lastKnownFileType = text.plist.xml; path = Info.plist; sourceTree = "<group>"; };
		1CF51EE31D101CED00E4FF65 /* UIButton+Helper.swift */ = {isa = PBXFileReference; fileEncoding = 4; lastKnownFileType = sourcecode.swift; path = "UIButton+Helper.swift"; sourceTree = "<group>"; };
/* End PBXFileReference section */

/* Begin PBXFrameworksBuildPhase section */
		1CF51EBD1D101CBA00E4FF65 /* Frameworks */ = {
			isa = PBXFrameworksBuildPhase;
			buildActionMask = 2147483647;
			files = (
			);
			runOnlyForDeploymentPostprocessing = 0;
		};
		1CF51ED11D101CBB00E4FF65 /* Frameworks */ = {
			isa = PBXFrameworksBuildPhase;
			buildActionMask = 2147483647;
			files = (
			);
			runOnlyForDeploymentPostprocessing = 0;
		};
/* End PBXFrameworksBuildPhase section */

/* Begin PBXGroup section */
		1CF51EB71D101CBA00E4FF65 = {
			isa = PBXGroup;
			children = (
				1CF51EC21D101CBA00E4FF65 /* Runtime */,
				1CF51ED71D101CBB00E4FF65 /* RuntimeTests */,
				1CF51EC11D101CBA00E4FF65 /* Products */,
			);
			sourceTree = "<group>";
		};
		1CF51EC11D101CBA00E4FF65 /* Products */ = {
			isa = PBXGroup;
			children = (
				1CF51EC01D101CBA00E4FF65 /* Runtime.app */,
				1CF51ED41D101CBB00E4FF65 /* RuntimeTests.xctest */,
			);
			name = Products;
			sourceTree = "<group>";
		};
		1CF51EC21D101CBA00E4FF65 /* Runtime */ = {
			isa = PBXGroup;
			children = (
				1CF51EC31D101CBA00E4FF65 /* AppDelegate.swift */,
				1CF51EC51D101CBA00E4FF65 /* ViewController.swift */,
				1CF51EE31D101CED00E4FF65 /* UIButton+Helper.swift */,
				1CF51EC71D101CBB00E4FF65 /* Main.storyboard */,
				1CF51ECA1D101CBB00E4FF65 /* Assets.xcassets */,
				1CF51ECC1D101CBB00E4FF65 /* LaunchScreen.storyboard */,
				1CF51ECF1D101CBB00E4FF65 /* Info.plist */,
			);
			path = Runtime;
			sourceTree = "<group>";
		};
		1CF51ED71D101CBB00E4FF65 /* RuntimeTests */ = {
			isa = PBXGroup;
			children = (
				1CF51ED81D101CBB00E4FF65 /* RuntimeTests.swift */,
				1CF51EDA1D101CBB00E4FF65 /* Info.plist */,
			);
			path = RuntimeTests;
			sourceTree = "<group>";
		};
/* End PBXGroup section */

/* Begin PBXNativeTarget section */
		1CF51EBF1D101CBA00E4FF65 /* Runtime */ = {
			isa = PBXNativeTarget;
			buildConfigurationList = 1CF51EDD1D101CBB00E4FF65 /* Build configuration list for PBXNativeTarget "Runtime" */;
			buildPhases = (
				1CF51EBC1D101CBA00E4FF65 /* Sources */,
				1CF51EBD1D101CBA00E4FF65 /* Frameworks */,
				1CF51EBE1D101CBA00E4FF65 /* Resources */,
			);
			buildRules = (
			);
			dependencies = (
			);
			name = Runtime;
			productName = Runtime;
			productReference = 1CF51EC01D101CBA00E4FF65 /* Runtime.app */;
			productType = "com.apple.product-type.application";
		};
		1CF51ED31D101CBB00E4FF65 /* RuntimeTests */ = {
			isa = PBXNativeTarget;
			buildConfigurationList = 1CF51EE01D101CBB00E4FF65 /* Build configuration list for PBXNativeTarget "RuntimeTests" */;
			buildPhases = (
				1CF51ED01D101CBB00E4FF65 /* Sources */,
				1CF51ED11D101CBB00E4FF65 /* Frameworks */,
				1CF51ED21D101CBB00E4FF65 /* Resources */,
			);
			buildRules = (
			);
			dependencies = (
				1CF51ED61D101CBB00E4FF65 /* PBXTargetDependency */,
			);
			name = RuntimeTests;
			productName = RuntimeTests;
			productReference = 1CF51ED41D101CBB00E4FF65 /* RuntimeTests.xctest */;
			productType = "com.apple.product-type.bundle.unit-test";
		};
/* End PBXNativeTarget section */

/* Begin PBXProject section */
		1CF51EB81D101CBA00E4FF65 /* Project object */ = {
			isa = PBXProject;
			attributes = {
				LastSwiftUpdateCheck = 0730;
				LastUpgradeCheck = 0730;
				ORGANIZATIONNAME = snow;
				TargetAttributes = {
					1CF51EBF1D101CBA00E4FF65 = {
						CreatedOnToolsVersion = 7.3.1;
					};
					1CF51ED31D101CBB00E4FF65 = {
						CreatedOnToolsVersion = 7.3.1;
						TestTargetID = 1CF51EBF1D101CBA00E4FF65;
					};
				};
			};
			buildConfigurationList = 1CF51EBB1D101CBA00E4FF65 /* Build configuration list for PBXProject "Runtime" */;
			compatibilityVersion = "Xcode 3.2";
			developmentRegion = English;
			hasScannedForEncodings = 0;
			knownRegions = (
				en,
				Base,
			);
			mainGroup = 1CF51EB71D101CBA00E4FF65;
			productRefGroup = 1CF51EC11D101CBA00E4FF65 /* Products */;
			projectDirPath = "";
			projectRoot = "";
			targets = (
				1CF51EBF1D101CBA00E4FF65 /* Runtime */,
				1CF51ED31D101CBB00E4FF65 /* RuntimeTests */,
			);
		};
/* End PBXProject section */

/* Begin PBXResourcesBuildPhase section */
		1CF51EBE1D101CBA00E4FF65 /* Resources */ = {
			isa = PBXResourcesBuildPhase;
			buildActionMask = 2147483647;
			files = (
				1CF51ECE1D101CBB00E4FF65 /* LaunchScreen.storyboard in Resources */,
				1CF51ECB1D101CBB00E4FF65 /* Assets.xcassets in Resources */,
				1CF51EC91D101CBB00E4FF65 /* Main.storyboard in Resources */,
			);
			runOnlyForDeploymentPostprocessing = 0;
		};
		1CF51ED21D101CBB00E4FF65 /* Resources */ = {
			isa = PBXResourcesBuildPhase;
			buildActionMask = 2147483647;
			files = (
			);
			runOnlyForDeploymentPostprocessing = 0;
		};
/* End PBXResourcesBuildPhase section */

/* Begin PBXSourcesBuildPhase section */
		1CF51EBC1D101CBA00E4FF65 /* Sources */ = {
			isa = PBXSourcesBuildPhase;
			buildActionMask = 2147483647;
			files = (
				1CF51EC61D101CBA00E4FF65 /* ViewController.swift in Sources */,
				1CF51EE41D101CED00E4FF65 /* UIButton+Helper.swift in Sources */,
				1CF51EC41D101CBA00E4FF65 /* AppDelegate.swift in Sources */,
			);
			runOnlyForDeploymentPostprocessing = 0;
		};
		1CF51ED01D101CBB00E4FF65 /* Sources */ = {
			isa = PBXSourcesBuildPhase;
			buildActionMask = 2147483647;
			files = (
				1CF51ED91D101CBB00E4FF65 /* RuntimeTests.swift in Sources */,
			);
			runOnlyForDeploymentPostprocessing = 0;
		};
/* End PBXSourcesBuildPhase section */

/* Begin PBXTargetDependency section */
		1CF51ED61D101CBB00E4FF65 /* PBXTargetDependency */ = {
			isa = PBXTargetDependency;
			target = 1CF51EBF1D101CBA00E4FF65 /* Runtime */;
			targetProxy = 1CF51ED51D101CBB00E4FF65 /* PBXContainerItemProxy */;
		};
/* End PBXTargetDependency section */

/* Begin PBXVariantGroup section */
		1CF51EC71D101CBB00E4FF65 /* Main.storyboard */ = {
			isa = PBXVariantGroup;
			children = (
				1CF51EC81D101CBB00E4FF65 /* Base */,
			);
			name = Main.storyboard;
			sourceTree = "<group>";
		};
		1CF51ECC1D101CBB00E4FF65 /* LaunchScreen.storyboard */ = {
			isa = PBXVariantGroup;
			children = (
				1CF51ECD1D101CBB00E4FF65 /* Base */,
			);
			name = LaunchScreen.storyboard;
			sourceTree = "<group>";
		};
/* End PBXVariantGroup section */

/* Begin XCBuildConfiguration section */
		1CF51EDB1D101CBB00E4FF65 /* Debug */ = {
			isa = XCBuildConfiguration;
			buildSettings = {
				ALWAYS_SEARCH_USER_PATHS = NO;
				CLANG_ANALYZER_NONNULL = YES;
				CLANG_CXX_LANGUAGE_STANDARD = "gnu++0x";
				CLANG_CXX_LIBRARY = "libc++";
				CLANG_ENABLE_MODULES = YES;
				CLANG_ENABLE_OBJC_ARC = YES;
				CLANG_WARN_BOOL_CONVERSION = YES;
				CLANG_WARN_CONSTANT_CONVERSION = YES;
				CLANG_WARN_DIRECT_OBJC_ISA_USAGE = YES_ERROR;
				CLANG_WARN_EMPTY_BODY = YES;
				CLANG_WARN_ENUM_CONVERSION = YES;
				CLANG_WARN_INT_CONVERSION = YES;
				CLANG_WARN_OBJC_ROOT_CLASS = YES_ERROR;
				CLANG_WARN_UNREACHABLE_CODE = YES;
				CLANG_WARN__DUPLICATE_METHOD_MATCH = YES;
				"CODE_SIGN_IDENTITY[sdk=iphoneos*]" = "iPhone Developer";
				COPY_PHASE_STRIP = NO;
				DEBUG_INFORMATION_FORMAT = dwarf;
				ENABLE_STRICT_OBJC_MSGSEND = YES;
				ENABLE_TESTABILITY = YES;
				GCC_C_LANGUAGE_STANDARD = gnu99;
				GCC_DYNAMIC_NO_PIC = NO;
				GCC_NO_COMMON_BLOCKS = YES;
				GCC_OPTIMIZATION_LEVEL = 0;
				GCC_PREPROCESSOR_DEFINITIONS = (
					"DEBUG=1",
					"$(inherited)",
				);
				GCC_WARN_64_TO_32_BIT_CONVERSION = YES;
				GCC_WARN_ABOUT_RETURN_TYPE = YES_ERROR;
				GCC_WARN_UNDECLARED_SELECTOR = YES;
				GCC_WARN_UNINITIALIZED_AUTOS = YES_AGGRESSIVE;
				GCC_WARN_UNUSED_FUNCTION = YES;
				GCC_WARN_UNUSED_VARIABLE = YES;
				IPHONEOS_DEPLOYMENT_TARGET = 9.3;
				MTL_ENABLE_DEBUG_INFO = YES;
				ONLY_ACTIVE_ARCH = YES;
				SDKROOT = iphoneos;
				SWIFT_OPTIMIZATION_LEVEL = "-Onone";
			};
			name = Debug;
		};
		1CF51EDC1D101CBB00E4FF65 /* Release */ = {
			isa = XCBuildConfiguration;
			buildSettings = {
				ALWAYS_SEARCH_USER_PATHS = NO;
				CLANG_ANALYZER_NONNULL = YES;
				CLANG_CXX_LANGUAGE_STANDARD = "gnu++0x";
				CLANG_CXX_LIBRARY = "libc++";
				CLANG_ENABLE_MODULES = YES;
				CLANG_ENABLE_OBJC_ARC = YES;
				CLANG_WARN_BOOL_CONVERSION = YES;
				CLANG_WARN_CONSTANT_CONVERSION = YES;
				CLANG_WARN_DIRECT_OBJC_ISA_USAGE = YES_ERROR;
				CLANG_WARN_EMPTY_BODY = YES;
				CLANG_WARN_ENUM_CONVERSION = YES;
				CLANG_WARN_INT_CONVERSION = YES;
				CLANG_WARN_OBJC_ROOT_CLASS = YES_ERROR;
				CLANG_WARN_UNREACHABLE_CODE = YES;
				CLANG_WARN__DUPLICATE_METHOD_MATCH = YES;
				"CODE_SIGN_IDENTITY[sdk=iphoneos*]" = "iPhone Developer";
				COPY_PHASE_STRIP = NO;
				DEBUG_INFORMATION_FORMAT = "dwarf-with-dsym";
				ENABLE_NS_ASSERTIONS = NO;
				ENABLE_STRICT_OBJC_MSGSEND = YES;
				GCC_C_LANGUAGE_STANDARD = gnu99;
				GCC_NO_COMMON_BLOCKS = YES;
				GCC_WARN_64_TO_32_BIT_CONVERSION = YES;
				GCC_WARN_ABOUT_RETURN_TYPE = YES_ERROR;
				GCC_WARN_UNDECLARED_SELECTOR = YES;
				GCC_WARN_UNINITIALIZED_AUTOS = YES_AGGRESSIVE;
				GCC_WARN_UNUSED_FUNCTION = YES;
				GCC_WARN_UNUSED_VARIABLE = YES;
				IPHONEOS_DEPLOYMENT_TARGET = 9.3;
				MTL_ENABLE_DEBUG_INFO = NO;
				SDKROOT = iphoneos;
				VALIDATE_PRODUCT = YES;
			};
			name = Release;
		};
		1CF51EDE1D101CBB00E4FF65 /* Debug */ = {
			isa = XCBuildConfiguration;
			buildSettings = {
				ASSETCATALOG_COMPILER_APPICON_NAME = AppIcon;
				INFOPLIST_FILE = Runtime/Info.plist;
				LD_RUNPATH_SEARCH_PATHS = "$(inherited) @executable_path/Frameworks";
				PRODUCT_BUNDLE_IDENTIFIER = com.snow.Runtime;
				PRODUCT_NAME = "$(TARGET_NAME)";
			};
			name = Debug;
		};
		1CF51EDF1D101CBB00E4FF65 /* Release */ = {
			isa = XCBuildConfiguration;
			buildSettings = {
				ASSETCATALOG_COMPILER_APPICON_NAME = AppIcon;
				INFOPLIST_FILE = Runtime/Info.plist;
				LD_RUNPATH_SEARCH_PATHS = "$(inherited) @executable_path/Frameworks";
				PRODUCT_BUNDLE_IDENTIFIER = com.snow.Runtime;
				PRODUCT_NAME = "$(TARGET_NAME)";
			};
			name = Release;
		};
		1CF51EE11D101CBB00E4FF65 /* Debug */ = {
			isa = XCBuildConfiguration;
			buildSettings = {
				BUNDLE_LOADER = "$(TEST_HOST)";
				INFOPLIST_FILE = RuntimeTests/Info.plist;
				LD_RUNPATH_SEARCH_PATHS = "$(inherited) @executable_path/Frameworks @loader_path/Frameworks";
				PRODUCT_BUNDLE_IDENTIFIER = com.snow.RuntimeTests;
				PRODUCT_NAME = "$(TARGET_NAME)";
				TEST_HOST = "$(BUILT_PRODUCTS_DIR)/Runtime.app/Runtime";
			};
			name = Debug;
		};
		1CF51EE21D101CBB00E4FF65 /* Release */ = {
			isa = XCBuildConfiguration;
			buildSettings = {
				BUNDLE_LOADER = "$(TEST_HOST)";
				INFOPLIST_FILE = RuntimeTests/Info.plist;
				LD_RUNPATH_SEARCH_PATHS = "$(inherited) @executable_path/Frameworks @loader_path/Frameworks";
				PRODUCT_BUNDLE_IDENTIFIER = com.snow.RuntimeTests;
				PRODUCT_NAME = "$(TARGET_NAME)";
				TEST_HOST = "$(BUILT_PRODUCTS_DIR)/Runtime.app/Runtime";
			};
			name = Release;
		};
/* End XCBuildConfiguration section */

/* Begin XCConfigurationList section */
		1CF51EBB1D101CBA00E4FF65 /* Build configuration list for PBXProject "Runtime" */ = {
			isa = XCConfigurationList;
			buildConfigurations = (
				1CF51EDB1D101CBB00E4FF65 /* Debug */,
				1CF51EDC1D101CBB00E4FF65 /* Release */,
			);
			defaultConfigurationIsVisible = 0;
			defaultConfigurationName = Release;
		};
		1CF51EDD1D101CBB00E4FF65 /* Build configuration list for PBXNativeTarget "Runtime" */ = {
			isa = XCConfigurationList;
			buildConfigurations = (
				1CF51EDE1D101CBB00E4FF65 /* Debug */,
				1CF51EDF1D101CBB00E4FF65 /* Release */,
			);
			defaultConfigurationIsVisible = 0;
		};
		1CF51EE01D101CBB00E4FF65 /* Build configuration list for PBXNativeTarget "RuntimeTests" */ = {
			isa = XCConfigurationList;
			buildConfigurations = (
				1CF51EE11D101CBB00E4FF65 /* Debug */,
				1CF51EE21D101CBB00E4FF65 /* Release */,
			);
			defaultConfigurationIsVisible = 0;
		};
/* End XCConfigurationList section */
	};
	rootObject = 1CF51EB81D101CBA00E4FF65 /* Project object */;
}
